// !$*UTF8*$!
{
	archiveVersion = 1;
	classes = {
	};
	objectVersion = 55;
	objects = {

/* Begin PBXBuildFile section */
		4D1ECFED291263D1009CBA22 /* uCopyApp.swift in Sources */ = {isa = PBXBuildFile; fileRef = 4D1ECFEC291263D1009CBA22 /* uCopyApp.swift */; };
		4D1ECFF1291263D2009CBA22 /* Assets.xcassets in Resources */ = {isa = PBXBuildFile; fileRef = 4D1ECFF0291263D2009CBA22 /* Assets.xcassets */; };
		4D1ECFF4291263D2009CBA22 /* Preview Assets.xcassets in Resources */ = {isa = PBXBuildFile; fileRef = 4D1ECFF3291263D2009CBA22 /* Preview Assets.xcassets */; };
		4D6124FC29324ABE0044E63C /* SnippetEditView.swift in Sources */ = {isa = PBXBuildFile; fileRef = 4D6124FB29324ABE0044E63C /* SnippetEditView.swift */; };
		4D6124FF293490CC0044E63C /* LaunchAtLogin in Frameworks */ = {isa = PBXBuildFile; productRef = 4D6124FE293490CC0044E63C /* LaunchAtLogin */; };
		4D805D8829321A25009F4F52 /* SnippetSettingsView.swift in Sources */ = {isa = PBXBuildFile; fileRef = 4D805D8729321A25009F4F52 /* SnippetSettingsView.swift */; };
		4DCB3410291D233B00E3B3CA /* uCopy.xcdatamodeld in Sources */ = {isa = PBXBuildFile; fileRef = 4DCB340E291D233B00E3B3CA /* uCopy.xcdatamodeld */; };
		4DCB3412291D23F300E3B3CA /* DataController.swift in Sources */ = {isa = PBXBuildFile; fileRef = 4DCB3411291D23F300E3B3CA /* DataController.swift */; };
		4DCB3437291E345C00E3B3CA /* HistoryView.swift in Sources */ = {isa = PBXBuildFile; fileRef = 4DCB3436291E345C00E3B3CA /* HistoryView.swift */; };
		4DCB3439291FD97400E3B3CA /* SettingView.swift in Sources */ = {isa = PBXBuildFile; fileRef = 4DCB3438291FD97400E3B3CA /* SettingView.swift */; };
		4DCB343B292228FF00E3B3CA /* PasteboardMonitor.swift in Sources */ = {isa = PBXBuildFile; fileRef = 4DCB343A292228FF00E3B3CA /* PasteboardMonitor.swift */; };
		4DCB343D2924B4BA00E3B3CA /* GeneralSettingsView.swift in Sources */ = {isa = PBXBuildFile; fileRef = 4DCB343C2924B4BA00E3B3CA /* GeneralSettingsView.swift */; };
		4DCB343F2924B4C600E3B3CA /* AboutSettingsView.swift in Sources */ = {isa = PBXBuildFile; fileRef = 4DCB343E2924B4C600E3B3CA /* AboutSettingsView.swift */; };
		4DCB3443292B757C00E3B3CA /* UtilityExtensions.swift in Sources */ = {isa = PBXBuildFile; fileRef = 4DCB3442292B757C00E3B3CA /* UtilityExtensions.swift */; };
		4DCB3445292DC67500E3B3CA /* PasteService.swift in Sources */ = {isa = PBXBuildFile; fileRef = 4DCB3444292DC67500E3B3CA /* PasteService.swift */; };
		4DCB3447292E0F1000E3B3CA /* AccessibilityService.swift in Sources */ = {isa = PBXBuildFile; fileRef = 4DCB3446292E0F1000E3B3CA /* AccessibilityService.swift */; };
		4DCB3449292E12A500E3B3CA /* HotKeyService.swift in Sources */ = {isa = PBXBuildFile; fileRef = 4DCB3448292E12A500E3B3CA /* HotKeyService.swift */; };
		4DCB344B292E211500E3B3CA /* CoreDataHelper.swift in Sources */ = {isa = PBXBuildFile; fileRef = 4DCB344A292E211500E3B3CA /* CoreDataHelper.swift */; };
		4DCB344D292F1EFE00E3B3CA /* MenuManager.swift in Sources */ = {isa = PBXBuildFile; fileRef = 4DCB344C292F1EFE00E3B3CA /* MenuManager.swift */; };
		4DE9C4A62915FD0E002D6A34 /* Main.swift in Sources */ = {isa = PBXBuildFile; fileRef = 4DE9C4A52915FD0E002D6A34 /* Main.swift */; };
		4DE9C4AB2916B345002D6A34 /* HotKey in Frameworks */ = {isa = PBXBuildFile; productRef = 4DE9C4AA2916B345002D6A34 /* HotKey */; };
/* End PBXBuildFile section */

/* Begin PBXFileReference section */
		4D1ECFE9291263D1009CBA22 /* uCopy.app */ = {isa = PBXFileReference; explicitFileType = wrapper.application; includeInIndex = 0; path = uCopy.app; sourceTree = BUILT_PRODUCTS_DIR; };
		4D1ECFEC291263D1009CBA22 /* uCopyApp.swift */ = {isa = PBXFileReference; lastKnownFileType = sourcecode.swift; path = uCopyApp.swift; sourceTree = "<group>"; };
		4D1ECFF0291263D2009CBA22 /* Assets.xcassets */ = {isa = PBXFileReference; lastKnownFileType = folder.assetcatalog; path = Assets.xcassets; sourceTree = "<group>"; };
		4D1ECFF3291263D2009CBA22 /* Preview Assets.xcassets */ = {isa = PBXFileReference; lastKnownFileType = folder.assetcatalog; path = "Preview Assets.xcassets"; sourceTree = "<group>"; };
		4D1ECFF5291263D2009CBA22 /* uCopy.entitlements */ = {isa = PBXFileReference; lastKnownFileType = text.plist.entitlements; path = uCopy.entitlements; sourceTree = "<group>"; };
		4D6124FB29324ABE0044E63C /* SnippetEditView.swift */ = {isa = PBXFileReference; lastKnownFileType = sourcecode.swift; path = SnippetEditView.swift; sourceTree = "<group>"; };
		4D805D8729321A25009F4F52 /* SnippetSettingsView.swift */ = {isa = PBXFileReference; lastKnownFileType = sourcecode.swift; path = SnippetSettingsView.swift; sourceTree = "<group>"; };
		4DCB340F291D233B00E3B3CA /* uCopy.xcdatamodel */ = {isa = PBXFileReference; lastKnownFileType = wrapper.xcdatamodel; path = uCopy.xcdatamodel; sourceTree = "<group>"; };
		4DCB3411291D23F300E3B3CA /* DataController.swift */ = {isa = PBXFileReference; lastKnownFileType = sourcecode.swift; path = DataController.swift; sourceTree = "<group>"; };
		4DCB3436291E345C00E3B3CA /* HistoryView.swift */ = {isa = PBXFileReference; lastKnownFileType = sourcecode.swift; path = HistoryView.swift; sourceTree = "<group>"; };
		4DCB3438291FD97400E3B3CA /* SettingView.swift */ = {isa = PBXFileReference; lastKnownFileType = sourcecode.swift; path = SettingView.swift; sourceTree = "<group>"; };
		4DCB343A292228FF00E3B3CA /* PasteboardMonitor.swift */ = {isa = PBXFileReference; lastKnownFileType = sourcecode.swift; path = PasteboardMonitor.swift; sourceTree = "<group>"; };
		4DCB343C2924B4BA00E3B3CA /* GeneralSettingsView.swift */ = {isa = PBXFileReference; lastKnownFileType = sourcecode.swift; path = GeneralSettingsView.swift; sourceTree = "<group>"; };
		4DCB343E2924B4C600E3B3CA /* AboutSettingsView.swift */ = {isa = PBXFileReference; lastKnownFileType = sourcecode.swift; path = AboutSettingsView.swift; sourceTree = "<group>"; };
		4DCB3442292B757C00E3B3CA /* UtilityExtensions.swift */ = {isa = PBXFileReference; lastKnownFileType = sourcecode.swift; path = UtilityExtensions.swift; sourceTree = "<group>"; };
		4DCB3444292DC67500E3B3CA /* PasteService.swift */ = {isa = PBXFileReference; lastKnownFileType = sourcecode.swift; path = PasteService.swift; sourceTree = "<group>"; };
		4DCB3446292E0F1000E3B3CA /* AccessibilityService.swift */ = {isa = PBXFileReference; lastKnownFileType = sourcecode.swift; path = AccessibilityService.swift; sourceTree = "<group>"; };
		4DCB3448292E12A500E3B3CA /* HotKeyService.swift */ = {isa = PBXFileReference; lastKnownFileType = sourcecode.swift; path = HotKeyService.swift; sourceTree = "<group>"; };
		4DCB344A292E211500E3B3CA /* CoreDataHelper.swift */ = {isa = PBXFileReference; lastKnownFileType = sourcecode.swift; path = CoreDataHelper.swift; sourceTree = "<group>"; };
		4DCB344C292F1EFE00E3B3CA /* MenuManager.swift */ = {isa = PBXFileReference; lastKnownFileType = sourcecode.swift; path = MenuManager.swift; sourceTree = "<group>"; };
		4DE9C4A52915FD0E002D6A34 /* Main.swift */ = {isa = PBXFileReference; lastKnownFileType = sourcecode.swift; path = Main.swift; sourceTree = "<group>"; };
/* End PBXFileReference section */

/* Begin PBXFrameworksBuildPhase section */
		4D1ECFE6291263D1009CBA22 /* Frameworks */ = {
			isa = PBXFrameworksBuildPhase;
			buildActionMask = 2147483647;
			files = (
				4D6124FF293490CC0044E63C /* LaunchAtLogin in Frameworks */,
				4DE9C4AB2916B345002D6A34 /* HotKey in Frameworks */,
			);
			runOnlyForDeploymentPostprocessing = 0;
		};
/* End PBXFrameworksBuildPhase section */

/* Begin PBXGroup section */
		4D1ECFE0291263D1009CBA22 = {
			isa = PBXGroup;
			children = (
				4D1ECFEB291263D1009CBA22 /* uCopy */,
				4D1ECFEA291263D1009CBA22 /* Products */,
			);
			sourceTree = "<group>";
		};
		4D1ECFEA291263D1009CBA22 /* Products */ = {
			isa = PBXGroup;
			children = (
				4D1ECFE9291263D1009CBA22 /* uCopy.app */,
			);
			name = Products;
			sourceTree = "<group>";
		};
		4D1ECFEB291263D1009CBA22 /* uCopy */ = {
			isa = PBXGroup;
			children = (
				4D1ECFEC291263D1009CBA22 /* uCopyApp.swift */,
				4DCB344C292F1EFE00E3B3CA /* MenuManager.swift */,
				4DCB343A292228FF00E3B3CA /* PasteboardMonitor.swift */,
				4DCB3444292DC67500E3B3CA /* PasteService.swift */,
				4DCB3438291FD97400E3B3CA /* SettingView.swift */,
				4D805D8729321A25009F4F52 /* SnippetSettingsView.swift */,
				4D6124FB29324ABE0044E63C /* SnippetEditView.swift */,
				4DCB343E2924B4C600E3B3CA /* AboutSettingsView.swift */,
				4DCB343C2924B4BA00E3B3CA /* GeneralSettingsView.swift */,
				4DCB3436291E345C00E3B3CA /* HistoryView.swift */,
				4DCB344A292E211500E3B3CA /* CoreDataHelper.swift */,
				4DCB3446292E0F1000E3B3CA /* AccessibilityService.swift */,
				4DCB3448292E12A500E3B3CA /* HotKeyService.swift */,
				4DCB3442292B757C00E3B3CA /* UtilityExtensions.swift */,
				4DCB3411291D23F300E3B3CA /* DataController.swift */,
				4DCB340E291D233B00E3B3CA /* uCopy.xcdatamodeld */,
				4DE9C4A52915FD0E002D6A34 /* Main.swift */,
				4D1ECFF0291263D2009CBA22 /* Assets.xcassets */,
				4D1ECFF5291263D2009CBA22 /* uCopy.entitlements */,
				4D1ECFF2291263D2009CBA22 /* Preview Content */,
			);
			path = uCopy;
			sourceTree = "<group>";
		};
		4D1ECFF2291263D2009CBA22 /* Preview Content */ = {
			isa = PBXGroup;
			children = (
				4D1ECFF3291263D2009CBA22 /* Preview Assets.xcassets */,
			);
			path = "Preview Content";
			sourceTree = "<group>";
		};
/* End PBXGroup section */

/* Begin PBXNativeTarget section */
		4D1ECFE8291263D1009CBA22 /* uCopy */ = {
			isa = PBXNativeTarget;
			buildConfigurationList = 4D1ECFF8291263D2009CBA22 /* Build configuration list for PBXNativeTarget "uCopy" */;
			buildPhases = (
				4D1ECFE5291263D1009CBA22 /* Sources */,
				4D1ECFE6291263D1009CBA22 /* Frameworks */,
				4D1ECFE7291263D1009CBA22 /* Resources */,
			);
			buildRules = (
			);
			dependencies = (
			);
			name = uCopy;
			packageProductDependencies = (
				4DE9C4AA2916B345002D6A34 /* HotKey */,
				4D6124FE293490CC0044E63C /* LaunchAtLogin */,
			);
			productName = uCopy;
			productReference = 4D1ECFE9291263D1009CBA22 /* uCopy.app */;
			productType = "com.apple.product-type.application";
		};
/* End PBXNativeTarget section */

/* Begin PBXProject section */
		4D1ECFE1291263D1009CBA22 /* Project object */ = {
			isa = PBXProject;
			attributes = {
				BuildIndependentTargetsInParallel = 1;
				LastSwiftUpdateCheck = 1330;
				LastUpgradeCheck = 1330;
				TargetAttributes = {
					4D1ECFE8291263D1009CBA22 = {
						CreatedOnToolsVersion = 13.3;
					};
				};
			};
			buildConfigurationList = 4D1ECFE4291263D1009CBA22 /* Build configuration list for PBXProject "uCopy" */;
			compatibilityVersion = "Xcode 13.0";
			developmentRegion = en;
			hasScannedForEncodings = 0;
			knownRegions = (
				en,
				Base,
			);
			mainGroup = 4D1ECFE0291263D1009CBA22;
			packageReferences = (
				4DE9C4A92916B345002D6A34 /* XCRemoteSwiftPackageReference "HotKey" */,
				4D6124FD293490CC0044E63C /* XCRemoteSwiftPackageReference "LaunchAtLogin-Modern" */,
			);
			productRefGroup = 4D1ECFEA291263D1009CBA22 /* Products */;
			projectDirPath = "";
			projectRoot = "";
			targets = (
				4D1ECFE8291263D1009CBA22 /* uCopy */,
			);
		};
/* End PBXProject section */

/* Begin PBXResourcesBuildPhase section */
		4D1ECFE7291263D1009CBA22 /* Resources */ = {
			isa = PBXResourcesBuildPhase;
			buildActionMask = 2147483647;
			files = (
				4D1ECFF4291263D2009CBA22 /* Preview Assets.xcassets in Resources */,
				4D1ECFF1291263D2009CBA22 /* Assets.xcassets in Resources */,
			);
			runOnlyForDeploymentPostprocessing = 0;
		};
/* End PBXResourcesBuildPhase section */

/* Begin PBXSourcesBuildPhase section */
		4D1ECFE5291263D1009CBA22 /* Sources */ = {
			isa = PBXSourcesBuildPhase;
			buildActionMask = 2147483647;
			files = (
				4DCB344D292F1EFE00E3B3CA /* MenuManager.swift in Sources */,
				4DCB343B292228FF00E3B3CA /* PasteboardMonitor.swift in Sources */,
				4DE9C4A62915FD0E002D6A34 /* Main.swift in Sources */,
				4D805D8829321A25009F4F52 /* SnippetSettingsView.swift in Sources */,
				4DCB3447292E0F1000E3B3CA /* AccessibilityService.swift in Sources */,
				4DCB3449292E12A500E3B3CA /* HotKeyService.swift in Sources */,
				4DCB343F2924B4C600E3B3CA /* AboutSettingsView.swift in Sources */,
				4DCB3445292DC67500E3B3CA /* PasteService.swift in Sources */,
				4DCB3412291D23F300E3B3CA /* DataController.swift in Sources */,
				4DCB3437291E345C00E3B3CA /* HistoryView.swift in Sources */,
				4DCB3439291FD97400E3B3CA /* SettingView.swift in Sources */,
				4D1ECFED291263D1009CBA22 /* uCopyApp.swift in Sources */,
				4DCB344B292E211500E3B3CA /* CoreDataHelper.swift in Sources */,
				4DCB343D2924B4BA00E3B3CA /* GeneralSettingsView.swift in Sources */,
				4DCB3443292B757C00E3B3CA /* UtilityExtensions.swift in Sources */,
				4DCB3410291D233B00E3B3CA /* uCopy.xcdatamodeld in Sources */,
				4D6124FC29324ABE0044E63C /* SnippetEditView.swift in Sources */,
			);
			runOnlyForDeploymentPostprocessing = 0;
		};
/* End PBXSourcesBuildPhase section */

/* Begin XCBuildConfiguration section */
		4D1ECFF6291263D2009CBA22 /* Debug */ = {
			isa = XCBuildConfiguration;
			buildSettings = {
				ALWAYS_SEARCH_USER_PATHS = NO;
				CLANG_ANALYZER_NONNULL = YES;
				CLANG_ANALYZER_NUMBER_OBJECT_CONVERSION = YES_AGGRESSIVE;
				CLANG_CXX_LANGUAGE_STANDARD = "gnu++17";
				CLANG_ENABLE_MODULES = YES;
				CLANG_ENABLE_OBJC_ARC = YES;
				CLANG_ENABLE_OBJC_WEAK = YES;
				CLANG_WARN_BLOCK_CAPTURE_AUTORELEASING = YES;
				CLANG_WARN_BOOL_CONVERSION = YES;
				CLANG_WARN_COMMA = YES;
				CLANG_WARN_CONSTANT_CONVERSION = YES;
				CLANG_WARN_DEPRECATED_OBJC_IMPLEMENTATIONS = YES;
				CLANG_WARN_DIRECT_OBJC_ISA_USAGE = YES_ERROR;
				CLANG_WARN_DOCUMENTATION_COMMENTS = YES;
				CLANG_WARN_EMPTY_BODY = YES;
				CLANG_WARN_ENUM_CONVERSION = YES;
				CLANG_WARN_INFINITE_RECURSION = YES;
				CLANG_WARN_INT_CONVERSION = YES;
				CLANG_WARN_NON_LITERAL_NULL_CONVERSION = YES;
				CLANG_WARN_OBJC_IMPLICIT_RETAIN_SELF = YES;
				CLANG_WARN_OBJC_LITERAL_CONVERSION = YES;
				CLANG_WARN_OBJC_ROOT_CLASS = YES_ERROR;
				CLANG_WARN_QUOTED_INCLUDE_IN_FRAMEWORK_HEADER = YES;
				CLANG_WARN_RANGE_LOOP_ANALYSIS = YES;
				CLANG_WARN_STRICT_PROTOTYPES = YES;
				CLANG_WARN_SUSPICIOUS_MOVE = YES;
				CLANG_WARN_UNGUARDED_AVAILABILITY = YES_AGGRESSIVE;
				CLANG_WARN_UNREACHABLE_CODE = YES;
				CLANG_WARN__DUPLICATE_METHOD_MATCH = YES;
				COPY_PHASE_STRIP = NO;
				DEBUG_INFORMATION_FORMAT = dwarf;
				ENABLE_STRICT_OBJC_MSGSEND = YES;
				ENABLE_TESTABILITY = YES;
				GCC_C_LANGUAGE_STANDARD = gnu11;
				GCC_DYNAMIC_NO_PIC = NO;
				GCC_NO_COMMON_BLOCKS = YES;
				GCC_OPTIMIZATION_LEVEL = 0;
				GCC_PREPROCESSOR_DEFINITIONS = (
					"DEBUG=1",
					"$(inherited)",
				);
				GCC_WARN_64_TO_32_BIT_CONVERSION = YES;
				GCC_WARN_ABOUT_RETURN_TYPE = YES_ERROR;
				GCC_WARN_UNDECLARED_SELECTOR = YES;
				GCC_WARN_UNINITIALIZED_AUTOS = YES_AGGRESSIVE;
				GCC_WARN_UNUSED_FUNCTION = YES;
				GCC_WARN_UNUSED_VARIABLE = YES;
				MACOSX_DEPLOYMENT_TARGET = 12.3;
				MTL_ENABLE_DEBUG_INFO = INCLUDE_SOURCE;
				MTL_FAST_MATH = YES;
				ONLY_ACTIVE_ARCH = YES;
				SDKROOT = macosx;
				SWIFT_ACTIVE_COMPILATION_CONDITIONS = DEBUG;
				SWIFT_OPTIMIZATION_LEVEL = "-Onone";
			};
			name = Debug;
		};
		4D1ECFF7291263D2009CBA22 /* Release */ = {
			isa = XCBuildConfiguration;
			buildSettings = {
				ALWAYS_SEARCH_USER_PATHS = NO;
				CLANG_ANALYZER_NONNULL = YES;
				CLANG_ANALYZER_NUMBER_OBJECT_CONVERSION = YES_AGGRESSIVE;
				CLANG_CXX_LANGUAGE_STANDARD = "gnu++17";
				CLANG_ENABLE_MODULES = YES;
				CLANG_ENABLE_OBJC_ARC = YES;
				CLANG_ENABLE_OBJC_WEAK = YES;
				CLANG_WARN_BLOCK_CAPTURE_AUTORELEASING = YES;
				CLANG_WARN_BOOL_CONVERSION = YES;
				CLANG_WARN_COMMA = YES;
				CLANG_WARN_CONSTANT_CONVERSION = YES;
				CLANG_WARN_DEPRECATED_OBJC_IMPLEMENTATIONS = YES;
				CLANG_WARN_DIRECT_OBJC_ISA_USAGE = YES_ERROR;
				CLANG_WARN_DOCUMENTATION_COMMENTS = YES;
				CLANG_WARN_EMPTY_BODY = YES;
				CLANG_WARN_ENUM_CONVERSION = YES;
				CLANG_WARN_INFINITE_RECURSION = YES;
				CLANG_WARN_INT_CONVERSION = YES;
				CLANG_WARN_NON_LITERAL_NULL_CONVERSION = YES;
				CLANG_WARN_OBJC_IMPLICIT_RETAIN_SELF = YES;
				CLANG_WARN_OBJC_LITERAL_CONVERSION = YES;
				CLANG_WARN_OBJC_ROOT_CLASS = YES_ERROR;
				CLANG_WARN_QUOTED_INCLUDE_IN_FRAMEWORK_HEADER = YES;
				CLANG_WARN_RANGE_LOOP_ANALYSIS = YES;
				CLANG_WARN_STRICT_PROTOTYPES = YES;
				CLANG_WARN_SUSPICIOUS_MOVE = YES;
				CLANG_WARN_UNGUARDED_AVAILABILITY = YES_AGGRESSIVE;
				CLANG_WARN_UNREACHABLE_CODE = YES;
				CLANG_WARN__DUPLICATE_METHOD_MATCH = YES;
				COPY_PHASE_STRIP = NO;
				DEBUG_INFORMATION_FORMAT = "dwarf-with-dsym";
				ENABLE_NS_ASSERTIONS = NO;
				ENABLE_STRICT_OBJC_MSGSEND = YES;
				GCC_C_LANGUAGE_STANDARD = gnu11;
				GCC_NO_COMMON_BLOCKS = YES;
				GCC_WARN_64_TO_32_BIT_CONVERSION = YES;
				GCC_WARN_ABOUT_RETURN_TYPE = YES_ERROR;
				GCC_WARN_UNDECLARED_SELECTOR = YES;
				GCC_WARN_UNINITIALIZED_AUTOS = YES_AGGRESSIVE;
				GCC_WARN_UNUSED_FUNCTION = YES;
				GCC_WARN_UNUSED_VARIABLE = YES;
				MACOSX_DEPLOYMENT_TARGET = 12.3;
				MTL_ENABLE_DEBUG_INFO = NO;
				MTL_FAST_MATH = YES;
				SDKROOT = macosx;
				SWIFT_COMPILATION_MODE = wholemodule;
				SWIFT_OPTIMIZATION_LEVEL = "-O";
			};
			name = Release;
		};
		4D1ECFF9291263D2009CBA22 /* Debug */ = {
			isa = XCBuildConfiguration;
			buildSettings = {
				ASSETCATALOG_COMPILER_APPICON_NAME = AppIcon;
				ASSETCATALOG_COMPILER_GLOBAL_ACCENT_COLOR_NAME = AccentColor;
				CODE_SIGN_ENTITLEMENTS = uCopy/uCopy.entitlements;
				"CODE_SIGN_IDENTITY[sdk=macosx*]" = "Apple Development";
				CODE_SIGN_STYLE = Automatic;
				COMBINE_HIDPI_IMAGES = YES;
				CURRENT_PROJECT_VERSION = 1;
				DEVELOPMENT_ASSET_PATHS = "\"uCopy/Preview Content\"";
				DEVELOPMENT_TEAM = 7WS42S6435;
				ENABLE_HARDENED_RUNTIME = YES;
				ENABLE_PREVIEWS = YES;
				GENERATE_INFOPLIST_FILE = YES;
				INFOPLIST_KEY_LSUIElement = YES;
				INFOPLIST_KEY_NSHumanReadableCopyright = "";
				LD_RUNPATH_SEARCH_PATHS = (
					"$(inherited)",
					"@executable_path/../Frameworks",
				);
				MACOSX_DEPLOYMENT_TARGET = 13.0;
				MARKETING_VERSION = 0.1;
				PRODUCT_BUNDLE_IDENTIFIER = com.faichou.uCopy;
				PRODUCT_NAME = "$(TARGET_NAME)";
				SWIFT_EMIT_LOC_STRINGS = YES;
				SWIFT_VERSION = 5.0;
			};
			name = Debug;
		};
		4D1ECFFA291263D2009CBA22 /* Release */ = {
			isa = XCBuildConfiguration;
			buildSettings = {
				ASSETCATALOG_COMPILER_APPICON_NAME = AppIcon;
				ASSETCATALOG_COMPILER_GLOBAL_ACCENT_COLOR_NAME = AccentColor;
				CODE_SIGN_ENTITLEMENTS = uCopy/uCopy.entitlements;
				"CODE_SIGN_IDENTITY[sdk=macosx*]" = "Apple Development";
				CODE_SIGN_STYLE = Automatic;
				COMBINE_HIDPI_IMAGES = YES;
				CURRENT_PROJECT_VERSION = 1;
				DEVELOPMENT_ASSET_PATHS = "\"uCopy/Preview Content\"";
				DEVELOPMENT_TEAM = 7WS42S6435;
				ENABLE_HARDENED_RUNTIME = YES;
				ENABLE_PREVIEWS = YES;
				GENERATE_INFOPLIST_FILE = YES;
				INFOPLIST_KEY_LSUIElement = YES;
				INFOPLIST_KEY_NSHumanReadableCopyright = "";
				LD_RUNPATH_SEARCH_PATHS = (
					"$(inherited)",
					"@executable_path/../Frameworks",
				);
				MACOSX_DEPLOYMENT_TARGET = 13.0;
				MARKETING_VERSION = 0.1;
				PRODUCT_BUNDLE_IDENTIFIER = com.faichou.uCopy;
				PRODUCT_NAME = "$(TARGET_NAME)";
				SWIFT_EMIT_LOC_STRINGS = YES;
				SWIFT_VERSION = 5.0;
			};
			name = Release;
		};
/* End XCBuildConfiguration section */

/* Begin XCConfigurationList section */
		4D1ECFE4291263D1009CBA22 /* Build configuration list for PBXProject "uCopy" */ = {
			isa = XCConfigurationList;
			buildConfigurations = (
				4D1ECFF6291263D2009CBA22 /* Debug */,
				4D1ECFF7291263D2009CBA22 /* Release */,
			);
			defaultConfigurationIsVisible = 0;
			defaultConfigurationName = Release;
		};
		4D1ECFF8291263D2009CBA22 /* Build configuration list for PBXNativeTarget "uCopy" */ = {
			isa = XCConfigurationList;
			buildConfigurations = (
				4D1ECFF9291263D2009CBA22 /* Debug */,
				4D1ECFFA291263D2009CBA22 /* Release */,
			);
			defaultConfigurationIsVisible = 0;
			defaultConfigurationName = Release;
		};
/* End XCConfigurationList section */

/* Begin XCRemoteSwiftPackageReference section */
		4D6124FD293490CC0044E63C /* XCRemoteSwiftPackageReference "LaunchAtLogin-Modern" */ = {
			isa = XCRemoteSwiftPackageReference;
			repositoryURL = "https://github.com/sindresorhus/LaunchAtLogin-Modern";
			requirement = {
				branch = main;
				kind = branch;
			};
		};
		4DE9C4A92916B345002D6A34 /* XCRemoteSwiftPackageReference "HotKey" */ = {
			isa = XCRemoteSwiftPackageReference;
			repositoryURL = "https://github.com/soffes/HotKey";
			requirement = {
				branch = master;
				kind = branch;
			};
		};
/* End XCRemoteSwiftPackageReference section */

/* Begin XCSwiftPackageProductDependency section */
		4D6124FE293490CC0044E63C /* LaunchAtLogin */ = {
			isa = XCSwiftPackageProductDependency;
			package = 4D6124FD293490CC0044E63C /* XCRemoteSwiftPackageReference "LaunchAtLogin-Modern" */;
			productName = LaunchAtLogin;
		};
		4DE9C4AA2916B345002D6A34 /* HotKey */ = {
			isa = XCSwiftPackageProductDependency;
			package = 4DE9C4A92916B345002D6A34 /* XCRemoteSwiftPackageReference "HotKey" */;
			productName = HotKey;
		};
/* End XCSwiftPackageProductDependency section */

/* Begin XCVersionGroup section */
		4DCB340E291D233B00E3B3CA /* uCopy.xcdatamodeld */ = {
			isa = XCVersionGroup;
			children = (
				4DCB340F291D233B00E3B3CA /* uCopy.xcdatamodel */,
			);
			currentVersion = 4DCB340F291D233B00E3B3CA /* uCopy.xcdatamodel */;
			path = uCopy.xcdatamodeld;
			sourceTree = "<group>";
			versionGroupType = wrapper.xcdatamodel;
		};
/* End XCVersionGroup section */
	};
	rootObject = 4D1ECFE1291263D1009CBA22 /* Project object */;
}
